
Microsoft Visual Studio Solution File, Format Version 12.00
# Visual Studio 15
VisualStudioVersion = 15.0.28307.329
MinimumVisualStudioVersion = 10.0.40219.1
Project("{8BC9CEB8-8B4A-11D0-8D11-00A0C91BC942}") = "Tree", "Tree\Tree.vcxproj", "{840593DA-DABC-4DF6-9AA0-FC551CEBF480}"
EndProject
Global
	GlobalSection(SolutionConfigurationPlatforms) = preSolution
		Debug|x64 = Debug|x64
		Debug|x86 = Debug|x86
		Release|x64 = Release|x64
		Release|x86 = Release|x86
	EndGlobalSection
	GlobalSection(ProjectConfigurationPlatforms) = postSolution
		{840593DA-DABC-4DF6-9AA0-FC551CEBF480}.Debug|x64.ActiveCfg = Debug|x64
		{840593DA-DABC-4DF6-9AA0-FC551CEBF480}.Debug|x64.Build.0 = Debug|x64
		{840593DA-DABC-4DF6-9AA0-FC551CEBF480}.Debug|x86.ActiveCfg = Debug|Win32
		{840593DA-DABC-4DF6-9AA0-FC551CEBF480}.Debug|x86.Build.0 = Debug|Win32
		{840593DA-DABC-4DF6-9AA0-FC551CEBF480}.Release|x64.ActiveCfg = Release|x64
		{840593DA-DABC-4DF6-9AA0-FC551CEBF480}.Release|x64.Build.0 = Release|x64
		{840593DA-DABC-4DF6-9AA0-FC551CEBF480}.Release|x86.ActiveCfg = Release|Win32
		{840593DA-DABC-4DF6-9AA0-FC551CEBF480}.Release|x86.Build.0 = Release|Win32
	EndGlobalSection
	GlobalSection(SolutionProperties) = preSolution
		HideSolutionNode = FALSE
	EndGlobalSection
	GlobalSection(ExtensibilityGlobals) = postSolution
		SolutionGuid = {9D513285-D247-40BC-A642-4B8C0FD06BC9}
	EndGlobalSection
EndGlobal
